
Microsoft Visual Studio Solution File, Format Version 12.00
# Visual Studio Version 16
VisualStudioVersion = 16.0.31729.503
MinimumVisualStudioVersion = 10.0.40219.1
Project("{FAE04EC0-301F-11D3-BF4B-00C04F79EFBC}") = "ProjectWEB", "ProjectWEB\ProjectWEB.csproj", "{2C820BE4-C1B9-41E7-9C12-07908F362106}"
EndProject
Project("{FAE04EC0-301F-11D3-BF4B-00C04F79EFBC}") = "modelo", "modelo\modelo.csproj", "{F30A6DEC-E97C-4093-B690-642FDBAC218C}"
EndProject
Project("{FAE04EC0-301F-11D3-BF4B-00C04F79EFBC}") = "negocio", "negocio\negocio.csproj", "{35E0E942-4A3B-4D16-99D6-25D478F4FF7F}"
EndProject
Project("{FAE04EC0-301F-11D3-BF4B-00C04F79EFBC}") = "conexion", "conexion\conexion.csproj", "{65C3417A-8E03-43C1-A40B-58ADAF004F9B}"
EndProject
Project("{FAE04EC0-301F-11D3-BF4B-00C04F79EFBC}") = "validarPermiso", "validarPermiso\validarPermiso.csproj", "{3920CED3-6A66-491C-93C6-1A9C11ED6054}"
EndProject
Project("{FAE04EC0-301F-11D3-BF4B-00C04F79EFBC}") = "emailServer", "emailServer\emailServer.csproj", "{60F500E3-99F3-4E48-86DB-2DB2D4CE7929}"
EndProject
Global
	GlobalSection(SolutionConfigurationPlatforms) = preSolution
		Debug|Any CPU = Debug|Any CPU
		Release|Any CPU = Release|Any CPU
	EndGlobalSection
	GlobalSection(ProjectConfigurationPlatforms) = postSolution
		{2C820BE4-C1B9-41E7-9C12-07908F362106}.Debug|Any CPU.ActiveCfg = Debug|Any CPU
		{2C820BE4-C1B9-41E7-9C12-07908F362106}.Debug|Any CPU.Build.0 = Debug|Any CPU
		{2C820BE4-C1B9-41E7-9C12-07908F362106}.Release|Any CPU.ActiveCfg = Release|Any CPU
		{2C820BE4-C1B9-41E7-9C12-07908F362106}.Release|Any CPU.Build.0 = Release|Any CPU
		{F30A6DEC-E97C-4093-B690-642FDBAC218C}.Debug|Any CPU.ActiveCfg = Debug|Any CPU
		{F30A6DEC-E97C-4093-B690-642FDBAC218C}.Debug|Any CPU.Build.0 = Debug|Any CPU
		{F30A6DEC-E97C-4093-B690-642FDBAC218C}.Release|Any CPU.ActiveCfg = Release|Any CPU
		{F30A6DEC-E97C-4093-B690-642FDBAC218C}.Release|Any CPU.Build.0 = Release|Any CPU
		{35E0E942-4A3B-4D16-99D6-25D478F4FF7F}.Debug|Any CPU.ActiveCfg = Debug|Any CPU
		{35E0E942-4A3B-4D16-99D6-25D478F4FF7F}.Debug|Any CPU.Build.0 = Debug|Any CPU
		{35E0E942-4A3B-4D16-99D6-25D478F4FF7F}.Release|Any CPU.ActiveCfg = Release|Any CPU
		{35E0E942-4A3B-4D16-99D6-25D478F4FF7F}.Release|Any CPU.Build.0 = Release|Any CPU
		{65C3417A-8E03-43C1-A40B-58ADAF004F9B}.Debug|Any CPU.ActiveCfg = Debug|Any CPU
		{65C3417A-8E03-43C1-A40B-58ADAF004F9B}.Debug|Any CPU.Build.0 = Debug|Any CPU
		{65C3417A-8E03-43C1-A40B-58ADAF004F9B}.Release|Any CPU.ActiveCfg = Release|Any CPU
		{65C3417A-8E03-43C1-A40B-58ADAF004F9B}.Release|Any CPU.Build.0 = Release|Any CPU
		{3920CED3-6A66-491C-93C6-1A9C11ED6054}.Debug|Any CPU.ActiveCfg = Debug|Any CPU
		{3920CED3-6A66-491C-93C6-1A9C11ED6054}.Debug|Any CPU.Build.0 = Debug|Any CPU
		{3920CED3-6A66-491C-93C6-1A9C11ED6054}.Release|Any CPU.ActiveCfg = Release|Any CPU
		{3920CED3-6A66-491C-93C6-1A9C11ED6054}.Release|Any CPU.Build.0 = Release|Any CPU
		{60F500E3-99F3-4E48-86DB-2DB2D4CE7929}.Debug|Any CPU.ActiveCfg = Debug|Any CPU
		{60F500E3-99F3-4E48-86DB-2DB2D4CE7929}.Debug|Any CPU.Build.0 = Debug|Any CPU
		{60F500E3-99F3-4E48-86DB-2DB2D4CE7929}.Release|Any CPU.ActiveCfg = Release|Any CPU
		{60F500E3-99F3-4E48-86DB-2DB2D4CE7929}.Release|Any CPU.Build.0 = Release|Any CPU
	EndGlobalSection
	GlobalSection(SolutionProperties) = preSolution
		HideSolutionNode = FALSE
	EndGlobalSection
	GlobalSection(ExtensibilityGlobals) = postSolution
		SolutionGuid = {FDBE15E1-4FCF-4655-B9CE-4215968B70FE}
	EndGlobalSection
EndGlobal
